
Microsoft Visual Studio Solution File, Format Version 12.00
# Visual Studio 15
VisualStudioVersion = 15.0.28307.329
MinimumVisualStudioVersion = 10.0.40219.1
Project("{FAE04EC0-301F-11D3-BF4B-00C04F79EFBC}") = "Spotify Favorite Song Tracker", "Spotify Favorite Song Tracker\Spotify Favorite Song Tracker.csproj", "{95B4E004-1B26-46D2-81E0-D8E1BF4F9602}"
EndProject
Global
	GlobalSection(SolutionConfigurationPlatforms) = preSolution
		Debug|Any CPU = Debug|Any CPU
		Release|Any CPU = Release|Any CPU
	EndGlobalSection
	GlobalSection(ProjectConfigurationPlatforms) = postSolution
		{95B4E004-1B26-46D2-81E0-D8E1BF4F9602}.Debug|Any CPU.ActiveCfg = Debug|Any CPU
		{95B4E004-1B26-46D2-81E0-D8E1BF4F9602}.Debug|Any CPU.Build.0 = Debug|Any CPU
		{95B4E004-1B26-46D2-81E0-D8E1BF4F9602}.Release|Any CPU.ActiveCfg = Release|Any CPU
		{95B4E004-1B26-46D2-81E0-D8E1BF4F9602}.Release|Any CPU.Build.0 = Release|Any CPU
	EndGlobalSection
	GlobalSection(SolutionProperties) = preSolution
		HideSolutionNode = FALSE
	EndGlobalSection
	GlobalSection(ExtensibilityGlobals) = postSolution
		SolutionGuid = {4B36C1B2-E44B-4ECC-B2AF-837A79AA7BBA}
	EndGlobalSection
EndGlobal
